<?xml version="1.0" encoding="UTF-8"?>
<CONFIG>
  <ProjectOptions>
    <Version Value="11"/>
    <PathDelim Value="\"/>
    <General>
      <Flags>
        <MainUnitHasUsesSectionForAllUnits Value="False"/>
        <MainUnitHasCreateFormStatements Value="False"/>
        <MainUnitHasTitleStatement Value="False"/>
        <MainUnitHasScaledStatement Value="False"/>
      </Flags>
      <SessionStorage Value="InProjectDir"/>
      <MainUnit Value="0"/>
      <Title Value="EZDML"/>
      <Scaled Value="True"/>
      <ResourceType Value="res"/>
      <UseXPManifest Value="True"/>
      <XPManifest>
        <DpiAware Value="True"/>
        <TextName Value="ezdml.app"/>
        <TextDesc Value="EZDML"/>
      </XPManifest>
      <Icon Value="0"/>
    </General>
    <i18n>
      <EnableI18N Value="True"/>
      <OutDir Value="languages"/>
    </i18n>
    <VersionInfo>
      <UseVersionInfo Value="True"/>
      <MajorVersionNr Value="3"/>
      <MinorVersionNr Value="2"/>
      <RevisionNr Value="9"/>
      <BuildNr Value="187"/>
      <StringTable Comments="EZDML_X EMail:huzzz@163.com" CompanyName="huzzz@163.com" FileDescription="EZDML" InternalName="ezdml_x.exe" LegalCopyright="(c) 2007-2022 Huz(huzzz@163.com,http://www.ezdml.com)" LegalTrademarks="ezdml" OriginalFilename="ezdml_x.exe" ProductName="EZDML_X" ProductVersion="3.2"/>
    </VersionInfo>
    <BuildModes Count="1">
      <Item1 Name="Default" Default="True"/>
    </BuildModes>
    <PublishOptions>
      <Version Value="2"/>
      <UseFileFilters Value="True"/>
    </PublishOptions>
    <RunParams>
      <FormatVersion Value="2"/>
      <Modes Count="0"/>
    </RunParams>
    <RequiredPackages Count="4">
      <Item1>
        <PackageName Value="FCL"/>
      </Item1>
      <Item2>
        <PackageName Value="SynEdit"/>
      </Item2>
      <Item3>
        <PackageName Value="pascalscript"/>
      </Item3>
      <Item4>
        <PackageName Value="LCL"/>
      </Item4>
    </RequiredPackages>
    <Units Count="56">
      <Unit0>
        <Filename Value="ezdml_x.lpr"/>
        <IsPartOfProject Value="True"/>
      </Unit0>
      <Unit1>
        <Filename Value="wMainDml.pas"/>
        <IsPartOfProject Value="True"/>
        <ComponentName Value="frmMainDml"/>
        <HasResources Value="True"/>
        <ResourceBaseClass Value="Form"/>
      </Unit1>
      <Unit2>
        <Filename Value="DML\Ctobj\CtObjSerialer.pas"/>
        <IsPartOfProject Value="True"/>
      </Unit2>
      <Unit3>
        <Filename Value="DML\Ctobj\CTMetaData.pas"/>
        <IsPartOfProject Value="True"/>
      </Unit3>
      <Unit4>
        <Filename Value="DML\Ctobj\WindowFuncs.pas"/>
        <IsPartOfProject Value="True"/>
      </Unit4>
      <Unit5>
        <Filename Value="wDmlHelp.pas"/>
        <IsPartOfProject Value="True"/>
        <ComponentName Value="frmHelpAbout"/>
        <HasResources Value="True"/>
        <ResourceBaseClass Value="Form"/>
      </Unit5>
      <Unit6>
        <Filename Value="DML\Ctobj\CtObjXmlSerial.pas"/>
        <IsPartOfProject Value="True"/>
      </Unit6>
      <Unit7>
        <Filename Value="ezdmlstrs.pas"/>
        <IsPartOfProject Value="True"/>
      </Unit7>
      <Unit8>
        <Filename Value="DML\Ctobj\CtObjJsonSerial.pas"/>
        <IsPartOfProject Value="True"/>
      </Unit8>
      <Unit9>
        <Filename Value="DML\CtMetaTable.pas"/>
        <IsPartOfProject Value="True"/>
      </Unit9>
      <Unit10>
        <Filename Value="DML\dmlstrs.pas"/>
        <IsPartOfProject Value="True"/>
      </Unit10>
      <Unit11>
        <Filename Value="DML\uColorStyles.pas"/>
        <IsPartOfProject Value="True"/>
        <ComponentName Value="frmColorStyles"/>
        <HasResources Value="True"/>
        <ResourceBaseClass Value="Form"/>
      </Unit11>
      <Unit12>
        <Filename Value="DML\uDMLSqlEditor.pas"/>
        <IsPartOfProject Value="True"/>
        <ComponentName Value="frmDmlSqlEditor"/>
        <HasResources Value="True"/>
        <ResourceBaseClass Value="Form"/>
      </Unit12>
      <Unit13>
        <Filename Value="DML\uFormAddCtFields.pas"/>
        <IsPartOfProject Value="True"/>
        <ComponentName Value="frmAddCtFields"/>
        <HasResources Value="True"/>
        <ResourceBaseClass Value="Form"/>
      </Unit13>
      <Unit14>
        <Filename Value="DML\uFormAddTbLink.pas"/>
        <IsPartOfProject Value="True"/>
        <ComponentName Value="frmAddTbLink"/>
        <HasResources Value="True"/>
        <ResourceBaseClass Value="Form"/>
      </Unit14>
      <Unit15>
        <Filename Value="DML\uFormCtDbLogon.pas"/>
        <IsPartOfProject Value="True"/>
        <ComponentName Value="frmLogonCtDB"/>
        <HasResources Value="True"/>
        <ResourceBaseClass Value="Form"/>
      </Unit15>
      <Unit16>
        <Filename Value="DML\uFormCtDML.pas"/>
        <IsPartOfProject Value="True"/>
        <ComponentName Value="frmCtDML"/>
        <HasResources Value="True"/>
        <ResourceBaseClass Value="Form"/>
      </Unit16>
      <Unit17>
        <Filename Value="DML\uFormCtFieldProp.pas"/>
        <IsPartOfProject Value="True"/>
        <ComponentName Value="frmCtMetaFieldProp"/>
        <HasResources Value="True"/>
        <ResourceBaseClass Value="Form"/>
      </Unit17>
      <Unit18>
        <Filename Value="DML\uFormCtTableProp.pas"/>
        <IsPartOfProject Value="True"/>
        <ComponentName Value="frmCtTableProp"/>
        <HasResources Value="True"/>
        <ResourceBaseClass Value="Form"/>
      </Unit18>
      <Unit19>
        <Filename Value="DML\uFormGenCode.pas"/>
        <IsPartOfProject Value="True"/>
        <ComponentName Value="frmCtGenCode"/>
        <HasResources Value="True"/>
        <ResourceBaseClass Value="Form"/>
      </Unit19>
      <Unit20>
        <Filename Value="DML\uFormGenSql.pas"/>
        <IsPartOfProject Value="True"/>
        <ComponentName Value="frmCtGenSQL"/>
        <HasResources Value="True"/>
        <ResourceBaseClass Value="Form"/>
      </Unit20>
      <Unit21>
        <Filename Value="DML\uFormImpTable.pas"/>
        <IsPartOfProject Value="True"/>
        <ComponentName Value="frmImportCtTable"/>
        <HasResources Value="True"/>
        <ResourceBaseClass Value="Form"/>
      </Unit21>
      <Unit22>
        <Filename Value="DML\uFrameCtFieldDef.pas"/>
        <IsPartOfProject Value="True"/>
        <ComponentName Value="FrameCtFieldDef"/>
        <HasResources Value="True"/>
        <ResourceBaseClass Value="Frame"/>
      </Unit22>
      <Unit23>
        <Filename Value="DML\uFrameCtTableDef.pas"/>
        <IsPartOfProject Value="True"/>
        <ComponentName Value="FrameCtTableDef"/>
        <HasResources Value="True"/>
        <ResourceBaseClass Value="Frame"/>
      </Unit23>
      <Unit24>
        <Filename Value="DML\uFrameCtTableList.pas"/>
        <IsPartOfProject Value="True"/>
        <ComponentName Value="FrameCtTableList"/>
        <HasResources Value="True"/>
        <ResourceBaseClass Value="Frame"/>
      </Unit24>
      <Unit25>
        <Filename Value="DML\uFrameCtTableProp.pas"/>
        <IsPartOfProject Value="True"/>
        <ComponentName Value="FrameCtTableProp"/>
        <HasResources Value="True"/>
        <ResourceBaseClass Value="Frame"/>
      </Unit25>
      <Unit26>
        <Filename Value="DML\uFrameDML.pas"/>
        <IsPartOfProject Value="True"/>
        <ComponentName Value="FrameDML"/>
        <HasResources Value="True"/>
        <ResourceBaseClass Value="Frame"/>
      </Unit26>
      <Unit27>
        <Filename Value="DML\uWaitWnd.pas"/>
        <IsPartOfProject Value="True"/>
        <ComponentName Value="frmWaitWnd"/>
        <HasResources Value="True"/>
        <ResourceBaseClass Value="Form"/>
      </Unit27>
      <Unit28>
        <Filename Value="DML\XLSfile.pas"/>
        <IsPartOfProject Value="True"/>
      </Unit28>
      <Unit29>
        <Filename Value="pkg\uJSON.pas"/>
        <IsPartOfProject Value="True"/>
      </Unit29>
      <Unit30>
        <Filename Value="DML\Pascal\ide_editor.pas"/>
        <IsPartOfProject Value="True"/>
        <ComponentName Value="frmScriptIDE"/>
        <HasResources Value="True"/>
        <ResourceBaseClass Value="Form"/>
      </Unit30>
      <Unit31>
        <Filename Value="DML\wOracleDBConfig.pas"/>
        <IsPartOfProject Value="True"/>
        <ComponentName Value="frmOraDBConfig"/>
        <HasResources Value="True"/>
        <ResourceBaseClass Value="Form"/>
      </Unit31>
      <Unit32>
        <Filename Value="findhex\FindHexDlg.pas"/>
        <IsPartOfProject Value="True"/>
        <ComponentName Value="frmFindHex"/>
        <HasResources Value="True"/>
        <ResourceBaseClass Value="Form"/>
      </Unit32>
      <Unit33>
        <Filename Value="wabout.pas"/>
        <IsPartOfProject Value="True"/>
        <ComponentName Value="frmAbout"/>
        <HasResources Value="True"/>
        <ResourceBaseClass Value="Form"/>
        <UnitName Value="wAbout"/>
      </Unit33>
      <Unit34>
        <Filename Value="wSettings.pas"/>
        <IsPartOfProject Value="True"/>
        <ComponentName Value="frmSettings"/>
        <HasResources Value="True"/>
        <ResourceBaseClass Value="Form"/>
      </Unit34>
      <Unit35>
        <Filename Value="pkg\NetUtil.pas"/>
        <IsPartOfProject Value="True"/>
      </Unit35>
      <Unit36>
        <Filename Value="DML\uFormHttpSvr.pas"/>
        <IsPartOfProject Value="True"/>
        <ComponentName Value="frmHttpSvr"/>
        <HasResources Value="True"/>
        <ResourceBaseClass Value="Form"/>
      </Unit36>
      <Unit37>
        <Filename Value="pkg\ThreadWait.pas"/>
        <IsPartOfProject Value="True"/>
        <ComponentName Value="frmThreadWait"/>
        <HasResources Value="True"/>
        <ResourceBaseClass Value="Form"/>
      </Unit37>
      <Unit38>
        <Filename Value="DML\uFormDmlSearch.pas"/>
        <IsPartOfProject Value="True"/>
        <ComponentName Value="frmDmlSearch"/>
        <HasResources Value="True"/>
        <ResourceBaseClass Value="Form"/>
      </Unit38>
      <Unit39>
        <Filename Value="pkg\wToast.pas"/>
        <IsPartOfProject Value="True"/>
        <ComponentName Value="frmToast"/>
        <HasResources Value="True"/>
        <ResourceBaseClass Value="Form"/>
      </Unit39>
      <Unit40>
        <Filename Value="DML\uFormSelectFields.pas"/>
        <IsPartOfProject Value="True"/>
        <ComponentName Value="frmSelectFields"/>
        <HasResources Value="True"/>
        <ResourceBaseClass Value="Form"/>
      </Unit40>
      <Unit41>
        <Filename Value="DML\uFrameUIPreview.pas"/>
        <IsPartOfProject Value="True"/>
        <ComponentName Value="FrameUIPreview"/>
        <HasResources Value="True"/>
        <ResourceBaseClass Value="Frame"/>
      </Unit41>
      <Unit42>
        <Filename Value="DML\uFrameDmlScAttach.pas"/>
        <IsPartOfProject Value="True"/>
        <ComponentName Value="FrameDmlScAttach"/>
        <HasResources Value="True"/>
        <ResourceBaseClass Value="Frame"/>
      </Unit42>
      <Unit43>
        <Filename Value="DML\uFormUISheet.pas"/>
        <IsPartOfProject Value="True"/>
        <ComponentName Value="frmUIPrvSheet"/>
        <HasResources Value="True"/>
        <ResourceBaseClass Value="Form"/>
      </Unit43>
      <Unit44>
        <Filename Value="DML\uFormWindowsOdbcCfg.pas"/>
        <IsPartOfProject Value="True"/>
        <ComponentName Value="frmWindowsOdbcConfg"/>
        <HasResources Value="True"/>
        <ResourceBaseClass Value="Form"/>
      </Unit44>
      <Unit45>
        <Filename Value="DML\uFormGenTabCust.pas"/>
        <IsPartOfProject Value="True"/>
        <ComponentName Value="frmGenTabCust"/>
        <HasResources Value="True"/>
        <ResourceBaseClass Value="Form"/>
      </Unit45>
      <Unit46>
        <Filename Value="DML\CtMetaOracleDb.pas"/>
        <IsPartOfProject Value="True"/>
      </Unit46>
      <Unit47>
        <Filename Value="DML\CtMetaFCLSqlDb.pas"/>
        <IsPartOfProject Value="True"/>
      </Unit47>
      <Unit48>
        <Filename Value="DML\CtMetaSqliteDb.pas"/>
        <IsPartOfProject Value="True"/>
      </Unit48>
      <Unit49>
        <Filename Value="DML\CtMetaSqlsvrDb.pas"/>
        <IsPartOfProject Value="True"/>
      </Unit49>
      <Unit50>
        <Filename Value="DML\CtMetaCustomDb.pas"/>
        <IsPartOfProject Value="True"/>
      </Unit50>
      <Unit51>
        <Filename Value="DML\CtMetaPostgreSqlDb.pas"/>
        <IsPartOfProject Value="True"/>
      </Unit51>
      <Unit52>
        <Filename Value="DML\CtMetaOdbcDb.pas"/>
        <IsPartOfProject Value="True"/>
      </Unit52>
      <Unit53>
        <Filename Value="DML\CtMetaMysqlDb.pas"/>
        <IsPartOfProject Value="True"/>
      </Unit53>
      <Unit54>
        <Filename Value="DML\CtMetaHttpDb.pas"/>
        <IsPartOfProject Value="True"/>
      </Unit54>
      <Unit55>
        <Filename Value="DML\CtMetaEzdmlFakeDb.pas"/>
        <IsPartOfProject Value="True"/>
      </Unit55>
    </Units>
  </ProjectOptions>
  <CompilerOptions>
    <Version Value="11"/>
    <PathDelim Value="\"/>
    <SearchPaths>
      <IncludeFiles Value="DML\Ctobj;DML;pkg;pkg\BesenJs;$(ProjOutDir)"/>
      <OtherUnitFiles Value="DML\Ctobj;DML;pkg;pkg\Indy10\Core;pkg\Indy10\Protocols;pkg\Indy10\System;DML\Pascal;pkg\BesenJs;findhex;clib\$(TargetOS)"/>
      <UnitOutputDirectory Value="lib\$(TargetCPU)-$(TargetOS)"/>
    </SearchPaths>
    <Parsing>
      <SyntaxOptions>
        <SyntaxMode Value="Delphi"/>
        <IncludeAssertionCode Value="True"/>
      </SyntaxOptions>
    </Parsing>
    <CodeGeneration>
      <Checks>
        <IOChecks Value="True"/>
        <RangeChecks Value="True"/>
        <OverflowChecks Value="True"/>
        <StackChecks Value="True"/>
      </Checks>
      <Optimizations>
        <OptimizationLevel Value="0"/>
      </Optimizations>
    </CodeGeneration>
    <Linking>
      <Options>
        <Win32>
          <GraphicApplication Value="True"/>
        </Win32>
      </Options>
    </Linking>
    <Other>
      <CompilerMessages>
        <IgnoredMessages idx5026="True" idx5024="True"/>
      </CompilerMessages>
      <CustomOptions Value="-vd -dBorland -dVer150 -dDelphi7 -dCompiler6_Up -dPUREPASCAL"/>
    </Other>
  </CompilerOptions>
  <Debugging>
    <Exceptions Count="6">
      <Item1>
        <Name Value="EAbort"/>
      </Item1>
      <Item2>
        <Name Value="ECodetoolError"/>
      </Item2>
      <Item3>
        <Name Value="EFOpenError"/>
      </Item3>
      <Item4>
        <Name Value="EConvertError"/>
      </Item4>
      <Item5>
        <Name Value="EODBCException"/>
      </Item5>
      <Item6>
        <Name Value="EInvalidOperation"/>
      </Item6>
    </Exceptions>
  </Debugging>
</CONFIG>
